# THIS IS AN AUTOGENERATED FILE. DO NOT EDIT THIS FILE DIRECTLY.
# yarn lockfile v1


monaco-editor@0.38.0:
  version "0.38.0"
  resolved "https://registry.yarnpkg.com/monaco-editor/-/monaco-editor-0.38.0.tgz#7b3cd16f89b1b8867fcd3c96e67fccee791ff05c"
  integrity sha512-11Fkh6yzEmwx7O0YoLxeae0qEGFwmyPRlVxpg7oF9czOOCB/iCjdJrG5I67da5WiXK3YJCxoz9TJFE8Tfq/v9A==
